
Microsoft Visual Studio Solution File, Format Version 12.00
# Visual Studio Version 16
VisualStudioVersion = 16.0.30621.155
MinimumVisualStudioVersion = 10.0.40219.1
Project("{FAE04EC0-301F-11D3-BF4B-00C04F79EFBC}") = "LadangApi", "LadangApi\LadangApi.csproj", "{7E614FFF-D939-44D4-A330-A71EC4CE417F}"
EndProject
Project("{FAE04EC0-301F-11D3-BF4B-00C04F79EFBC}") = "LadangApi.UnitTests", "LadangApi.UnitTests\LadangApi.UnitTests.csproj", "{1E179C09-F595-4428-BA51-EB7A6AD4DF6F}"
EndProject
Global
	GlobalSection(SolutionConfigurationPlatforms) = preSolution
		Debug|Any CPU = Debug|Any CPU
		Release|Any CPU = Release|Any CPU
	EndGlobalSection
	GlobalSection(ProjectConfigurationPlatforms) = postSolution
		{7E614FFF-D939-44D4-A330-A71EC4CE417F}.Debug|Any CPU.ActiveCfg = Debug|Any CPU
		{7E614FFF-D939-44D4-A330-A71EC4CE417F}.Debug|Any CPU.Build.0 = Debug|Any CPU
		{7E614FFF-D939-44D4-A330-A71EC4CE417F}.Release|Any CPU.ActiveCfg = Release|Any CPU
		{7E614FFF-D939-44D4-A330-A71EC4CE417F}.Release|Any CPU.Build.0 = Release|Any CPU
		{1E179C09-F595-4428-BA51-EB7A6AD4DF6F}.Debug|Any CPU.ActiveCfg = Debug|Any CPU
		{1E179C09-F595-4428-BA51-EB7A6AD4DF6F}.Debug|Any CPU.Build.0 = Debug|Any CPU
		{1E179C09-F595-4428-BA51-EB7A6AD4DF6F}.Release|Any CPU.ActiveCfg = Release|Any CPU
		{1E179C09-F595-4428-BA51-EB7A6AD4DF6F}.Release|Any CPU.Build.0 = Release|Any CPU
	EndGlobalSection
	GlobalSection(SolutionProperties) = preSolution
		HideSolutionNode = FALSE
	EndGlobalSection
	GlobalSection(ExtensibilityGlobals) = postSolution
		SolutionGuid = {E8B46987-0FCC-497C-A3F9-39CA4DB34752}
	EndGlobalSection
EndGlobal
